
Microsoft Visual Studio Solution File, Format Version 12.00
# Visual Studio 15
VisualStudioVersion = 15.0.27703.2042
MinimumVisualStudioVersion = 10.0.40219.1
Project("{FAE04EC0-301F-11D3-BF4B-00C04F79EFBC}") = "ContosoUniversity", "ContosoUniversity\ContosoUniversity.csproj", "{FE0289D8-BEDE-4103-BD31-D43DC575C805}"
EndProject
Global
	GlobalSection(SolutionConfigurationPlatforms) = preSolution
		Debug|Any CPU = Debug|Any CPU
		Release|Any CPU = Release|Any CPU
	EndGlobalSection
	GlobalSection(ProjectConfigurationPlatforms) = postSolution
		{FE0289D8-BEDE-4103-BD31-D43DC575C805}.Debug|Any CPU.ActiveCfg = Debug|Any CPU
		{FE0289D8-BEDE-4103-BD31-D43DC575C805}.Debug|Any CPU.Build.0 = Debug|Any CPU
		{FE0289D8-BEDE-4103-BD31-D43DC575C805}.Release|Any CPU.ActiveCfg = Release|Any CPU
		{FE0289D8-BEDE-4103-BD31-D43DC575C805}.Release|Any CPU.Build.0 = Release|Any CPU
	EndGlobalSection
	GlobalSection(SolutionProperties) = preSolution
		HideSolutionNode = FALSE
	EndGlobalSection
	GlobalSection(ExtensibilityGlobals) = postSolution
		SolutionGuid = {A2B9DD5D-BED8-4E94-BF88-E8C80E284BD4}
	EndGlobalSection
EndGlobal
